// !$*UTF8*$!
{
	archiveVersion = 1;
	classes = {
	};
	objectVersion = 55;
	objects = {

/* Begin PBXBuildFile section */
		142C2B7629BE42A7000073FD /* hash-map-tests.c in Sources */ = {isa = PBXBuildFile; fileRef = 142C2B7529BE42A7000073FD /* hash-map-tests.c */; };
		1441E24C29BE2AAF00439597 /* main.c in Sources */ = {isa = PBXBuildFile; fileRef = 1441E24B29BE2AAF00439597 /* main.c */; };
		14DBF31829F3F44500369919 /* linked_list_int.c in Sources */ = {isa = PBXBuildFile; fileRef = 14DBF31729F3F44500369919 /* linked_list_int.c */; };
		14DBF31C29F3F5BB00369919 /* hash_map_int.c in Sources */ = {isa = PBXBuildFile; fileRef = 14DBF31B29F3F5BB00369919 /* hash_map_int.c */; };
		14F4077B29BE2BCB0026869A /* list-sort.c in Sources */ = {isa = PBXBuildFile; fileRef = 14F4077A29BE2BCB0026869A /* list-sort.c */; };
		14F4077E29BE31170026869A /* list-search.c in Sources */ = {isa = PBXBuildFile; fileRef = 14F4077D29BE31170026869A /* list-search.c */; };
		14F4078929BE31D90026869A /* linked-list-tests.c in Sources */ = {isa = PBXBuildFile; fileRef = 14F4078829BE31D90026869A /* linked-list-tests.c */; };
		14F4078D29BE32120026869A /* file-reader.c in Sources */ = {isa = PBXBuildFile; fileRef = 14F4078C29BE32120026869A /* file-reader.c */; };
		14F4079029BE32290026869A /* filter-functions.c in Sources */ = {isa = PBXBuildFile; fileRef = 14F4078F29BE32290026869A /* filter-functions.c */; };
		14F4079329BE323A0026869A /* map-functions.c in Sources */ = {isa = PBXBuildFile; fileRef = 14F4079229BE323A0026869A /* map-functions.c */; };
		14F4079629BE32560026869A /* timer.c in Sources */ = {isa = PBXBuildFile; fileRef = 14F4079529BE32560026869A /* timer.c */; };
/* End PBXBuildFile section */

/* Begin PBXCopyFilesBuildPhase section */
		1441E24629BE2AAF00439597 /* CopyFiles */ = {
			isa = PBXCopyFilesBuildPhase;
			buildActionMask = 2147483647;
			dstPath = /usr/share/man/man1/;
			dstSubfolderSpec = 0;
			files = (
			);
			runOnlyForDeploymentPostprocessing = 1;
		};
/* End PBXCopyFilesBuildPhase section */

/* Begin PBXFileReference section */
		142C2B7429BE42A7000073FD /* hash-map-tests.h */ = {isa = PBXFileReference; lastKnownFileType = sourcecode.c.h; path = "hash-map-tests.h"; sourceTree = "<group>"; };
		142C2B7529BE42A7000073FD /* hash-map-tests.c */ = {isa = PBXFileReference; lastKnownFileType = sourcecode.c.c; path = "hash-map-tests.c"; sourceTree = "<group>"; };
		1441E24829BE2AAF00439597 /* A-DS */ = {isa = PBXFileReference; explicitFileType = "compiled.mach-o.executable"; includeInIndex = 0; path = "A-DS"; sourceTree = BUILT_PRODUCTS_DIR; };
		1441E24B29BE2AAF00439597 /* main.c */ = {isa = PBXFileReference; lastKnownFileType = sourcecode.c.c; path = main.c; sourceTree = "<group>"; };
		14DBF31629F3F44500369919 /* linked_list_int.h */ = {isa = PBXFileReference; lastKnownFileType = sourcecode.c.h; path = linked_list_int.h; sourceTree = "<group>"; };
		14DBF31729F3F44500369919 /* linked_list_int.c */ = {isa = PBXFileReference; lastKnownFileType = sourcecode.c.c; path = linked_list_int.c; sourceTree = "<group>"; };
		14DBF31A29F3F5BB00369919 /* hash_map_int.h */ = {isa = PBXFileReference; lastKnownFileType = sourcecode.c.h; path = hash_map_int.h; sourceTree = "<group>"; };
		14DBF31B29F3F5BB00369919 /* hash_map_int.c */ = {isa = PBXFileReference; lastKnownFileType = sourcecode.c.c; path = hash_map_int.c; sourceTree = "<group>"; };
		14F4077929BE2BCB0026869A /* list-sort.h */ = {isa = PBXFileReference; lastKnownFileType = sourcecode.c.h; path = "list-sort.h"; sourceTree = "<group>"; };
		14F4077A29BE2BCB0026869A /* list-sort.c */ = {isa = PBXFileReference; lastKnownFileType = sourcecode.c.c; path = "list-sort.c"; sourceTree = "<group>"; };
		14F4077C29BE31170026869A /* list-search.h */ = {isa = PBXFileReference; lastKnownFileType = sourcecode.c.h; path = "list-search.h"; sourceTree = "<group>"; };
		14F4077D29BE31170026869A /* list-search.c */ = {isa = PBXFileReference; lastKnownFileType = sourcecode.c.c; path = "list-search.c"; sourceTree = "<group>"; };
		14F4078729BE31D90026869A /* linked-list-tests.h */ = {isa = PBXFileReference; lastKnownFileType = sourcecode.c.h; path = "linked-list-tests.h"; sourceTree = "<group>"; };
		14F4078829BE31D90026869A /* linked-list-tests.c */ = {isa = PBXFileReference; lastKnownFileType = sourcecode.c.c; path = "linked-list-tests.c"; sourceTree = "<group>"; };
		14F4078B29BE32120026869A /* file-reader.h */ = {isa = PBXFileReference; lastKnownFileType = sourcecode.c.h; path = "file-reader.h"; sourceTree = "<group>"; };
		14F4078C29BE32120026869A /* file-reader.c */ = {isa = PBXFileReference; lastKnownFileType = sourcecode.c.c; path = "file-reader.c"; sourceTree = "<group>"; };
		14F4078E29BE32290026869A /* filter-functions.h */ = {isa = PBXFileReference; lastKnownFileType = sourcecode.c.h; path = "filter-functions.h"; sourceTree = "<group>"; };
		14F4078F29BE32290026869A /* filter-functions.c */ = {isa = PBXFileReference; lastKnownFileType = sourcecode.c.c; path = "filter-functions.c"; sourceTree = "<group>"; };
		14F4079129BE323A0026869A /* map-functions.h */ = {isa = PBXFileReference; lastKnownFileType = sourcecode.c.h; path = "map-functions.h"; sourceTree = "<group>"; };
		14F4079229BE323A0026869A /* map-functions.c */ = {isa = PBXFileReference; lastKnownFileType = sourcecode.c.c; path = "map-functions.c"; sourceTree = "<group>"; };
		14F4079429BE32560026869A /* timer.h */ = {isa = PBXFileReference; lastKnownFileType = sourcecode.c.h; path = timer.h; sourceTree = "<group>"; };
		14F4079529BE32560026869A /* timer.c */ = {isa = PBXFileReference; lastKnownFileType = sourcecode.c.c; path = timer.c; sourceTree = "<group>"; };
/* End PBXFileReference section */

/* Begin PBXFrameworksBuildPhase section */
		1441E24529BE2AAF00439597 /* Frameworks */ = {
			isa = PBXFrameworksBuildPhase;
			buildActionMask = 2147483647;
			files = (
			);
			runOnlyForDeploymentPostprocessing = 0;
		};
/* End PBXFrameworksBuildPhase section */

/* Begin PBXGroup section */
		1441E23F29BE2AAF00439597 = {
			isa = PBXGroup;
			children = (
				1441E24A29BE2AAF00439597 /* A-DS */,
				1441E24929BE2AAF00439597 /* Products */,
			);
			sourceTree = "<group>";
		};
		1441E24929BE2AAF00439597 /* Products */ = {
			isa = PBXGroup;
			children = (
				1441E24829BE2AAF00439597 /* A-DS */,
			);
			name = Products;
			sourceTree = "<group>";
		};
		1441E24A29BE2AAF00439597 /* A-DS */ = {
			isa = PBXGroup;
			children = (
				14F4078A29BE31FC0026869A /* utils */,
				14F4078629BE31BD0026869A /* tests */,
				14F4077F29BE31610026869A /* data-structures */,
				14F4077829BE2BAB0026869A /* algorithms */,
				1441E24B29BE2AAF00439597 /* main.c */,
			);
			path = "A-DS";
			sourceTree = "<group>";
		};
		14DBF31529F3F3EC00369919 /* lists */ = {
			isa = PBXGroup;
			children = (
				14DBF31629F3F44500369919 /* linked_list_int.h */,
				14DBF31729F3F44500369919 /* linked_list_int.c */,
			);
			path = lists;
			sourceTree = "<group>";
		};
		14DBF31929F3F58F00369919 /* hash-maps */ = {
			isa = PBXGroup;
			children = (
				14DBF31A29F3F5BB00369919 /* hash_map_int.h */,
				14DBF31B29F3F5BB00369919 /* hash_map_int.c */,
			);
			path = "hash-maps";
			sourceTree = "<group>";
		};
		14F4077829BE2BAB0026869A /* algorithms */ = {
			isa = PBXGroup;
			children = (
				14F4077929BE2BCB0026869A /* list-sort.h */,
				14F4077A29BE2BCB0026869A /* list-sort.c */,
				14F4077C29BE31170026869A /* list-search.h */,
				14F4077D29BE31170026869A /* list-search.c */,
			);
			path = algorithms;
			sourceTree = "<group>";
		};
		14F4077F29BE31610026869A /* data-structures */ = {
			isa = PBXGroup;
			children = (
				14DBF31929F3F58F00369919 /* hash-maps */,
				14DBF31529F3F3EC00369919 /* lists */,
			);
			path = "data-structures";
			sourceTree = "<group>";
		};
		14F4078629BE31BD0026869A /* tests */ = {
			isa = PBXGroup;
			children = (
				14F4078729BE31D90026869A /* linked-list-tests.h */,
				14F4078829BE31D90026869A /* linked-list-tests.c */,
				142C2B7429BE42A7000073FD /* hash-map-tests.h */,
				142C2B7529BE42A7000073FD /* hash-map-tests.c */,
			);
			path = tests;
			sourceTree = "<group>";
		};
		14F4078A29BE31FC0026869A /* utils */ = {
			isa = PBXGroup;
			children = (
				14F4078B29BE32120026869A /* file-reader.h */,
				14F4078C29BE32120026869A /* file-reader.c */,
				14F4078E29BE32290026869A /* filter-functions.h */,
				14F4078F29BE32290026869A /* filter-functions.c */,
				14F4079129BE323A0026869A /* map-functions.h */,
				14F4079229BE323A0026869A /* map-functions.c */,
				14F4079429BE32560026869A /* timer.h */,
				14F4079529BE32560026869A /* timer.c */,
			);
			path = utils;
			sourceTree = "<group>";
		};
/* End PBXGroup section */

/* Begin PBXNativeTarget section */
		1441E24729BE2AAF00439597 /* A-DS */ = {
			isa = PBXNativeTarget;
			buildConfigurationList = 1441E24F29BE2AAF00439597 /* Build configuration list for PBXNativeTarget "A-DS" */;
			buildPhases = (
				1441E24429BE2AAF00439597 /* Sources */,
				1441E24529BE2AAF00439597 /* Frameworks */,
				1441E24629BE2AAF00439597 /* CopyFiles */,
			);
			buildRules = (
			);
			dependencies = (
			);
			name = "A-DS";
			productName = "A-DS";
			productReference = 1441E24829BE2AAF00439597 /* A-DS */;
			productType = "com.apple.product-type.tool";
		};
/* End PBXNativeTarget section */

/* Begin PBXProject section */
		1441E24029BE2AAF00439597 /* Project object */ = {
			isa = PBXProject;
			attributes = {
				BuildIndependentTargetsInParallel = 1;
				LastUpgradeCheck = 1340;
				TargetAttributes = {
					1441E24729BE2AAF00439597 = {
						CreatedOnToolsVersion = 13.4.1;
					};
				};
			};
			buildConfigurationList = 1441E24329BE2AAF00439597 /* Build configuration list for PBXProject "A-DS" */;
			compatibilityVersion = "Xcode 13.0";
			developmentRegion = en;
			hasScannedForEncodings = 0;
			knownRegions = (
				en,
				Base,
			);
			mainGroup = 1441E23F29BE2AAF00439597;
			productRefGroup = 1441E24929BE2AAF00439597 /* Products */;
			projectDirPath = "";
			projectRoot = "";
			targets = (
				1441E24729BE2AAF00439597 /* A-DS */,
			);
		};
/* End PBXProject section */

/* Begin PBXSourcesBuildPhase section */
		1441E24429BE2AAF00439597 /* Sources */ = {
			isa = PBXSourcesBuildPhase;
			buildActionMask = 2147483647;
			files = (
				142C2B7629BE42A7000073FD /* hash-map-tests.c in Sources */,
				14F4078929BE31D90026869A /* linked-list-tests.c in Sources */,
				14DBF31829F3F44500369919 /* linked_list_int.c in Sources */,
				1441E24C29BE2AAF00439597 /* main.c in Sources */,
				14F4077B29BE2BCB0026869A /* list-sort.c in Sources */,
				14F4079329BE323A0026869A /* map-functions.c in Sources */,
				14DBF31C29F3F5BB00369919 /* hash_map_int.c in Sources */,
				14F4078D29BE32120026869A /* file-reader.c in Sources */,
				14F4079629BE32560026869A /* timer.c in Sources */,
				14F4077E29BE31170026869A /* list-search.c in Sources */,
				14F4079029BE32290026869A /* filter-functions.c in Sources */,
			);
			runOnlyForDeploymentPostprocessing = 0;
		};
/* End PBXSourcesBuildPhase section */

/* Begin XCBuildConfiguration section */
		1441E24D29BE2AAF00439597 /* Debug */ = {
			isa = XCBuildConfiguration;
			buildSettings = {
				ALWAYS_SEARCH_USER_PATHS = NO;
				CLANG_ANALYZER_NONNULL = YES;
				CLANG_ANALYZER_NUMBER_OBJECT_CONVERSION = YES_AGGRESSIVE;
				CLANG_CXX_LANGUAGE_STANDARD = "gnu++17";
				CLANG_ENABLE_MODULES = YES;
				CLANG_ENABLE_OBJC_ARC = YES;
				CLANG_ENABLE_OBJC_WEAK = YES;
				CLANG_WARN_BLOCK_CAPTURE_AUTORELEASING = YES;
				CLANG_WARN_BOOL_CONVERSION = YES;
				CLANG_WARN_COMMA = YES;
				CLANG_WARN_CONSTANT_CONVERSION = YES;
				CLANG_WARN_DEPRECATED_OBJC_IMPLEMENTATIONS = YES;
				CLANG_WARN_DIRECT_OBJC_ISA_USAGE = YES_ERROR;
				CLANG_WARN_DOCUMENTATION_COMMENTS = YES;
				CLANG_WARN_EMPTY_BODY = YES;
				CLANG_WARN_ENUM_CONVERSION = YES;
				CLANG_WARN_INFINITE_RECURSION = YES;
				CLANG_WARN_INT_CONVERSION = YES;
				CLANG_WARN_NON_LITERAL_NULL_CONVERSION = YES;
				CLANG_WARN_OBJC_IMPLICIT_RETAIN_SELF = YES;
				CLANG_WARN_OBJC_LITERAL_CONVERSION = YES;
				CLANG_WARN_OBJC_ROOT_CLASS = YES_ERROR;
				CLANG_WARN_QUOTED_INCLUDE_IN_FRAMEWORK_HEADER = YES;
				CLANG_WARN_RANGE_LOOP_ANALYSIS = YES;
				CLANG_WARN_STRICT_PROTOTYPES = YES;
				CLANG_WARN_SUSPICIOUS_MOVE = YES;
				CLANG_WARN_UNGUARDED_AVAILABILITY = YES_AGGRESSIVE;
				CLANG_WARN_UNREACHABLE_CODE = YES;
				CLANG_WARN__DUPLICATE_METHOD_MATCH = YES;
				COPY_PHASE_STRIP = NO;
				DEBUG_INFORMATION_FORMAT = dwarf;
				ENABLE_STRICT_OBJC_MSGSEND = YES;
				ENABLE_TESTABILITY = YES;
				GCC_C_LANGUAGE_STANDARD = gnu11;
				GCC_DYNAMIC_NO_PIC = NO;
				GCC_NO_COMMON_BLOCKS = YES;
				GCC_OPTIMIZATION_LEVEL = 0;
				GCC_PREPROCESSOR_DEFINITIONS = (
					"DEBUG=1",
					"$(inherited)",
				);
				GCC_WARN_64_TO_32_BIT_CONVERSION = YES;
				GCC_WARN_ABOUT_RETURN_TYPE = YES_ERROR;
				GCC_WARN_UNDECLARED_SELECTOR = YES;
				GCC_WARN_UNINITIALIZED_AUTOS = YES_AGGRESSIVE;
				GCC_WARN_UNUSED_FUNCTION = YES;
				GCC_WARN_UNUSED_VARIABLE = YES;
				MACOSX_DEPLOYMENT_TARGET = 12.3;
				MTL_ENABLE_DEBUG_INFO = INCLUDE_SOURCE;
				MTL_FAST_MATH = YES;
				ONLY_ACTIVE_ARCH = YES;
				SDKROOT = macosx;
			};
			name = Debug;
		};
		1441E24E29BE2AAF00439597 /* Release */ = {
			isa = XCBuildConfiguration;
			buildSettings = {
				ALWAYS_SEARCH_USER_PATHS = NO;
				CLANG_ANALYZER_NONNULL = YES;
				CLANG_ANALYZER_NUMBER_OBJECT_CONVERSION = YES_AGGRESSIVE;
				CLANG_CXX_LANGUAGE_STANDARD = "gnu++17";
				CLANG_ENABLE_MODULES = YES;
				CLANG_ENABLE_OBJC_ARC = YES;
				CLANG_ENABLE_OBJC_WEAK = YES;
				CLANG_WARN_BLOCK_CAPTURE_AUTORELEASING = YES;
				CLANG_WARN_BOOL_CONVERSION = YES;
				CLANG_WARN_COMMA = YES;
				CLANG_WARN_CONSTANT_CONVERSION = YES;
				CLANG_WARN_DEPRECATED_OBJC_IMPLEMENTATIONS = YES;
				CLANG_WARN_DIRECT_OBJC_ISA_USAGE = YES_ERROR;
				CLANG_WARN_DOCUMENTATION_COMMENTS = YES;
				CLANG_WARN_EMPTY_BODY = YES;
				CLANG_WARN_ENUM_CONVERSION = YES;
				CLANG_WARN_INFINITE_RECURSION = YES;
				CLANG_WARN_INT_CONVERSION = YES;
				CLANG_WARN_NON_LITERAL_NULL_CONVERSION = YES;
				CLANG_WARN_OBJC_IMPLICIT_RETAIN_SELF = YES;
				CLANG_WARN_OBJC_LITERAL_CONVERSION = YES;
				CLANG_WARN_OBJC_ROOT_CLASS = YES_ERROR;
				CLANG_WARN_QUOTED_INCLUDE_IN_FRAMEWORK_HEADER = YES;
				CLANG_WARN_RANGE_LOOP_ANALYSIS = YES;
				CLANG_WARN_STRICT_PROTOTYPES = YES;
				CLANG_WARN_SUSPICIOUS_MOVE = YES;
				CLANG_WARN_UNGUARDED_AVAILABILITY = YES_AGGRESSIVE;
				CLANG_WARN_UNREACHABLE_CODE = YES;
				CLANG_WARN__DUPLICATE_METHOD_MATCH = YES;
				COPY_PHASE_STRIP = NO;
				DEBUG_INFORMATION_FORMAT = "dwarf-with-dsym";
				ENABLE_NS_ASSERTIONS = NO;
				ENABLE_STRICT_OBJC_MSGSEND = YES;
				GCC_C_LANGUAGE_STANDARD = gnu11;
				GCC_NO_COMMON_BLOCKS = YES;
				GCC_WARN_64_TO_32_BIT_CONVERSION = YES;
				GCC_WARN_ABOUT_RETURN_TYPE = YES_ERROR;
				GCC_WARN_UNDECLARED_SELECTOR = YES;
				GCC_WARN_UNINITIALIZED_AUTOS = YES_AGGRESSIVE;
				GCC_WARN_UNUSED_FUNCTION = YES;
				GCC_WARN_UNUSED_VARIABLE = YES;
				MACOSX_DEPLOYMENT_TARGET = 12.3;
				MTL_ENABLE_DEBUG_INFO = NO;
				MTL_FAST_MATH = YES;
				SDKROOT = macosx;
			};
			name = Release;
		};
		1441E25029BE2AAF00439597 /* Debug */ = {
			isa = XCBuildConfiguration;
			buildSettings = {
				CODE_SIGN_STYLE = Automatic;
				PRODUCT_NAME = "$(TARGET_NAME)";
			};
			name = Debug;
		};
		1441E25129BE2AAF00439597 /* Release */ = {
			isa = XCBuildConfiguration;
			buildSettings = {
				CODE_SIGN_STYLE = Automatic;
				PRODUCT_NAME = "$(TARGET_NAME)";
			};
			name = Release;
		};
/* End XCBuildConfiguration section */

/* Begin XCConfigurationList section */
		1441E24329BE2AAF00439597 /* Build configuration list for PBXProject "A-DS" */ = {
			isa = XCConfigurationList;
			buildConfigurations = (
				1441E24D29BE2AAF00439597 /* Debug */,
				1441E24E29BE2AAF00439597 /* Release */,
			);
			defaultConfigurationIsVisible = 0;
			defaultConfigurationName = Release;
		};
		1441E24F29BE2AAF00439597 /* Build configuration list for PBXNativeTarget "A-DS" */ = {
			isa = XCConfigurationList;
			buildConfigurations = (
				1441E25029BE2AAF00439597 /* Debug */,
				1441E25129BE2AAF00439597 /* Release */,
			);
			defaultConfigurationIsVisible = 0;
			defaultConfigurationName = Release;
		};
/* End XCConfigurationList section */
	};
	rootObject = 1441E24029BE2AAF00439597 /* Project object */;
}
